// !$*UTF8*$!
{
	archiveVersion = 1;
	classes = {
	};
	objectVersion = 50;
	objects = {

/* Begin PBXBuildFile section */
		02D416F326BE6AA500FCB01A /* AppDelegate.swift in Sources */ = {isa = PBXBuildFile; fileRef = 02D416F226BE6AA500FCB01A /* AppDelegate.swift */; };
		02D416F526BE6AA500FCB01A /* SceneDelegate.swift in Sources */ = {isa = PBXBuildFile; fileRef = 02D416F426BE6AA500FCB01A /* SceneDelegate.swift */; };
		02D416F726BE6AA500FCB01A /* ViewController.swift in Sources */ = {isa = PBXBuildFile; fileRef = 02D416F626BE6AA500FCB01A /* ViewController.swift */; };
		02D416FA26BE6AA500FCB01A /* Main.storyboard in Resources */ = {isa = PBXBuildFile; fileRef = 02D416F826BE6AA500FCB01A /* Main.storyboard */; };
		02D416FC26BE6AA700FCB01A /* Assets.xcassets in Resources */ = {isa = PBXBuildFile; fileRef = 02D416FB26BE6AA700FCB01A /* Assets.xcassets */; };
		02D416FF26BE6AA700FCB01A /* LaunchScreen.storyboard in Resources */ = {isa = PBXBuildFile; fileRef = 02D416FD26BE6AA700FCB01A /* LaunchScreen.storyboard */; };
		02D4170726BE6AD800FCB01A /* GitHubUser.swift in Sources */ = {isa = PBXBuildFile; fileRef = 02D4170626BE6AD800FCB01A /* GitHubUser.swift */; };
		02D4170926BE6D8000FCB01A /* BaseService.swift in Sources */ = {isa = PBXBuildFile; fileRef = 02D4170826BE6D8000FCB01A /* BaseService.swift */; };
		02D4170D26BE6FFC00FCB01A /* GitHubService.swift in Sources */ = {isa = PBXBuildFile; fileRef = 02D4170C26BE6FFC00FCB01A /* GitHubService.swift */; };
		02D4171426C0CDF300FCB01A /* GitHubUserListViewModel.swift in Sources */ = {isa = PBXBuildFile; fileRef = 02D4171326C0CDF300FCB01A /* GitHubUserListViewModel.swift */; };
		02D4171826C0D4F600FCB01A /* Box.swift in Sources */ = {isa = PBXBuildFile; fileRef = 02D4171726C0D4F600FCB01A /* Box.swift */; };
		02D4171A26C0DE8A00FCB01A /* GitHubUserListTableViewCell.swift in Sources */ = {isa = PBXBuildFile; fileRef = 02D4171926C0DE8A00FCB01A /* GitHubUserListTableViewCell.swift */; };
		02D4171C26C0DEDC00FCB01A /* GitHubUserListCellViewModel.swift in Sources */ = {isa = PBXBuildFile; fileRef = 02D4171B26C0DEDC00FCB01A /* GitHubUserListCellViewModel.swift */; };
/* End PBXBuildFile section */

/* Begin PBXFileReference section */
		02D416EF26BE6AA500FCB01A /* GitHubUserAPI.app */ = {isa = PBXFileReference; explicitFileType = wrapper.application; includeInIndex = 0; path = GitHubUserAPI.app; sourceTree = BUILT_PRODUCTS_DIR; };
		02D416F226BE6AA500FCB01A /* AppDelegate.swift */ = {isa = PBXFileReference; lastKnownFileType = sourcecode.swift; path = AppDelegate.swift; sourceTree = "<group>"; };
		02D416F426BE6AA500FCB01A /* SceneDelegate.swift */ = {isa = PBXFileReference; lastKnownFileType = sourcecode.swift; path = SceneDelegate.swift; sourceTree = "<group>"; };
		02D416F626BE6AA500FCB01A /* ViewController.swift */ = {isa = PBXFileReference; lastKnownFileType = sourcecode.swift; path = ViewController.swift; sourceTree = "<group>"; };
		02D416F926BE6AA500FCB01A /* Base */ = {isa = PBXFileReference; lastKnownFileType = file.storyboard; name = Base; path = Base.lproj/Main.storyboard; sourceTree = "<group>"; };
		02D416FB26BE6AA700FCB01A /* Assets.xcassets */ = {isa = PBXFileReference; lastKnownFileType = folder.assetcatalog; path = Assets.xcassets; sourceTree = "<group>"; };
		02D416FE26BE6AA700FCB01A /* Base */ = {isa = PBXFileReference; lastKnownFileType = file.storyboard; name = Base; path = Base.lproj/LaunchScreen.storyboard; sourceTree = "<group>"; };
		02D4170026BE6AA700FCB01A /* Info.plist */ = {isa = PBXFileReference; lastKnownFileType = text.plist.xml; path = Info.plist; sourceTree = "<group>"; };
		02D4170626BE6AD800FCB01A /* GitHubUser.swift */ = {isa = PBXFileReference; lastKnownFileType = sourcecode.swift; path = GitHubUser.swift; sourceTree = "<group>"; };
		02D4170826BE6D8000FCB01A /* BaseService.swift */ = {isa = PBXFileReference; lastKnownFileType = sourcecode.swift; path = BaseService.swift; sourceTree = "<group>"; };
		02D4170C26BE6FFC00FCB01A /* GitHubService.swift */ = {isa = PBXFileReference; lastKnownFileType = sourcecode.swift; path = GitHubService.swift; sourceTree = "<group>"; };
		02D4171326C0CDF300FCB01A /* GitHubUserListViewModel.swift */ = {isa = PBXFileReference; lastKnownFileType = sourcecode.swift; path = GitHubUserListViewModel.swift; sourceTree = "<group>"; };
		02D4171726C0D4F600FCB01A /* Box.swift */ = {isa = PBXFileReference; lastKnownFileType = sourcecode.swift; path = Box.swift; sourceTree = "<group>"; };
		02D4171926C0DE8A00FCB01A /* GitHubUserListTableViewCell.swift */ = {isa = PBXFileReference; lastKnownFileType = sourcecode.swift; path = GitHubUserListTableViewCell.swift; sourceTree = "<group>"; };
		02D4171B26C0DEDC00FCB01A /* GitHubUserListCellViewModel.swift */ = {isa = PBXFileReference; lastKnownFileType = sourcecode.swift; path = GitHubUserListCellViewModel.swift; sourceTree = "<group>"; };
/* End PBXFileReference section */

/* Begin PBXFrameworksBuildPhase section */
		02D416EC26BE6AA500FCB01A /* Frameworks */ = {
			isa = PBXFrameworksBuildPhase;
			buildActionMask = 2147483647;
			files = (
			);
			runOnlyForDeploymentPostprocessing = 0;
		};
/* End PBXFrameworksBuildPhase section */

/* Begin PBXGroup section */
		02D416E626BE6AA400FCB01A = {
			isa = PBXGroup;
			children = (
				02D416F126BE6AA500FCB01A /* GitHubUserAPI */,
				02D416F026BE6AA500FCB01A /* Products */,
			);
			sourceTree = "<group>";
		};
		02D416F026BE6AA500FCB01A /* Products */ = {
			isa = PBXGroup;
			children = (
				02D416EF26BE6AA500FCB01A /* GitHubUserAPI.app */,
			);
			name = Products;
			sourceTree = "<group>";
		};
		02D416F126BE6AA500FCB01A /* GitHubUserAPI */ = {
			isa = PBXGroup;
			children = (
				02D416F226BE6AA500FCB01A /* AppDelegate.swift */,
				02D416F426BE6AA500FCB01A /* SceneDelegate.swift */,
				02D4170A26BE6FDB00FCB01A /* Service */,
				02D4170B26BE6FE700FCB01A /* Model */,
				02D4170E26BE731200FCB01A /* View */,
				02D4171226C0CDCE00FCB01A /* View Model */,
				02D4171126C0CDAB00FCB01A /* Controller */,
				02D4171726C0D4F600FCB01A /* Box.swift */,
				02D416FB26BE6AA700FCB01A /* Assets.xcassets */,
				02D416FD26BE6AA700FCB01A /* LaunchScreen.storyboard */,
				02D4170026BE6AA700FCB01A /* Info.plist */,
			);
			path = GitHubUserAPI;
			sourceTree = "<group>";
		};
		02D4170A26BE6FDB00FCB01A /* Service */ = {
			isa = PBXGroup;
			children = (
				02D4170826BE6D8000FCB01A /* BaseService.swift */,
				02D4170C26BE6FFC00FCB01A /* GitHubService.swift */,
			);
			path = Service;
			sourceTree = "<group>";
		};
		02D4170B26BE6FE700FCB01A /* Model */ = {
			isa = PBXGroup;
			children = (
				02D4170626BE6AD800FCB01A /* GitHubUser.swift */,
			);
			name = Model;
			sourceTree = "<group>";
		};
		02D4170E26BE731200FCB01A /* View */ = {
			isa = PBXGroup;
			children = (
				02D416F826BE6AA500FCB01A /* Main.storyboard */,
				02D4171926C0DE8A00FCB01A /* GitHubUserListTableViewCell.swift */,
			);
			path = View;
			sourceTree = "<group>";
		};
		02D4171126C0CDAB00FCB01A /* Controller */ = {
			isa = PBXGroup;
			children = (
				02D416F626BE6AA500FCB01A /* ViewController.swift */,
			);
			path = Controller;
			sourceTree = "<group>";
		};
		02D4171226C0CDCE00FCB01A /* View Model */ = {
			isa = PBXGroup;
			children = (
				02D4171326C0CDF300FCB01A /* GitHubUserListViewModel.swift */,
				02D4171B26C0DEDC00FCB01A /* GitHubUserListCellViewModel.swift */,
			);
			path = "View Model";
			sourceTree = "<group>";
		};
/* End PBXGroup section */

/* Begin PBXNativeTarget section */
		02D416EE26BE6AA500FCB01A /* GitHubUserAPI */ = {
			isa = PBXNativeTarget;
			buildConfigurationList = 02D4170326BE6AA700FCB01A /* Build configuration list for PBXNativeTarget "GitHubUserAPI" */;
			buildPhases = (
				02D416EB26BE6AA500FCB01A /* Sources */,
				02D416EC26BE6AA500FCB01A /* Frameworks */,
				02D416ED26BE6AA500FCB01A /* Resources */,
			);
			buildRules = (
			);
			dependencies = (
			);
			name = GitHubUserAPI;
			productName = GitHubUserAPI;
			productReference = 02D416EF26BE6AA500FCB01A /* GitHubUserAPI.app */;
			productType = "com.apple.product-type.application";
		};
/* End PBXNativeTarget section */

/* Begin PBXProject section */
		02D416E726BE6AA400FCB01A /* Project object */ = {
			isa = PBXProject;
			attributes = {
				LastSwiftUpdateCheck = 1250;
				LastUpgradeCheck = 1250;
				TargetAttributes = {
					02D416EE26BE6AA500FCB01A = {
						CreatedOnToolsVersion = 12.5.1;
					};
				};
			};
			buildConfigurationList = 02D416EA26BE6AA400FCB01A /* Build configuration list for PBXProject "GitHubUserAPI" */;
			compatibilityVersion = "Xcode 9.3";
			developmentRegion = en;
			hasScannedForEncodings = 0;
			knownRegions = (
				en,
				Base,
			);
			mainGroup = 02D416E626BE6AA400FCB01A;
			productRefGroup = 02D416F026BE6AA500FCB01A /* Products */;
			projectDirPath = "";
			projectRoot = "";
			targets = (
				02D416EE26BE6AA500FCB01A /* GitHubUserAPI */,
			);
		};
/* End PBXProject section */

/* Begin PBXResourcesBuildPhase section */
		02D416ED26BE6AA500FCB01A /* Resources */ = {
			isa = PBXResourcesBuildPhase;
			buildActionMask = 2147483647;
			files = (
				02D416FF26BE6AA700FCB01A /* LaunchScreen.storyboard in Resources */,
				02D416FC26BE6AA700FCB01A /* Assets.xcassets in Resources */,
				02D416FA26BE6AA500FCB01A /* Main.storyboard in Resources */,
			);
			runOnlyForDeploymentPostprocessing = 0;
		};
/* End PBXResourcesBuildPhase section */

/* Begin PBXSourcesBuildPhase section */
		02D416EB26BE6AA500FCB01A /* Sources */ = {
			isa = PBXSourcesBuildPhase;
			buildActionMask = 2147483647;
			files = (
				02D4171426C0CDF300FCB01A /* GitHubUserListViewModel.swift in Sources */,
				02D4171A26C0DE8A00FCB01A /* GitHubUserListTableViewCell.swift in Sources */,
				02D416F726BE6AA500FCB01A /* ViewController.swift in Sources */,
				02D4170726BE6AD800FCB01A /* GitHubUser.swift in Sources */,
				02D416F326BE6AA500FCB01A /* AppDelegate.swift in Sources */,
				02D4170926BE6D8000FCB01A /* BaseService.swift in Sources */,
				02D4171C26C0DEDC00FCB01A /* GitHubUserListCellViewModel.swift in Sources */,
				02D4171826C0D4F600FCB01A /* Box.swift in Sources */,
				02D4170D26BE6FFC00FCB01A /* GitHubService.swift in Sources */,
				02D416F526BE6AA500FCB01A /* SceneDelegate.swift in Sources */,
			);
			runOnlyForDeploymentPostprocessing = 0;
		};
/* End PBXSourcesBuildPhase section */

/* Begin PBXVariantGroup section */
		02D416F826BE6AA500FCB01A /* Main.storyboard */ = {
			isa = PBXVariantGroup;
			children = (
				02D416F926BE6AA500FCB01A /* Base */,
			);
			name = Main.storyboard;
			sourceTree = "<group>";
		};
		02D416FD26BE6AA700FCB01A /* LaunchScreen.storyboard */ = {
			isa = PBXVariantGroup;
			children = (
				02D416FE26BE6AA700FCB01A /* Base */,
			);
			name = LaunchScreen.storyboard;
			sourceTree = "<group>";
		};
/* End PBXVariantGroup section */

/* Begin XCBuildConfiguration section */
		02D4170126BE6AA700FCB01A /* Debug */ = {
			isa = XCBuildConfiguration;
			buildSettings = {
				ALWAYS_SEARCH_USER_PATHS = NO;
				CLANG_ANALYZER_NONNULL = YES;
				CLANG_ANALYZER_NUMBER_OBJECT_CONVERSION = YES_AGGRESSIVE;
				CLANG_CXX_LANGUAGE_STANDARD = "gnu++14";
				CLANG_CXX_LIBRARY = "libc++";
				CLANG_ENABLE_MODULES = YES;
				CLANG_ENABLE_OBJC_ARC = YES;
				CLANG_ENABLE_OBJC_WEAK = YES;
				CLANG_WARN_BLOCK_CAPTURE_AUTORELEASING = YES;
				CLANG_WARN_BOOL_CONVERSION = YES;
				CLANG_WARN_COMMA = YES;
				CLANG_WARN_CONSTANT_CONVERSION = YES;
				CLANG_WARN_DEPRECATED_OBJC_IMPLEMENTATIONS = YES;
				CLANG_WARN_DIRECT_OBJC_ISA_USAGE = YES_ERROR;
				CLANG_WARN_DOCUMENTATION_COMMENTS = YES;
				CLANG_WARN_EMPTY_BODY = YES;
				CLANG_WARN_ENUM_CONVERSION = YES;
				CLANG_WARN_INFINITE_RECURSION = YES;
				CLANG_WARN_INT_CONVERSION = YES;
				CLANG_WARN_NON_LITERAL_NULL_CONVERSION = YES;
				CLANG_WARN_OBJC_IMPLICIT_RETAIN_SELF = YES;
				CLANG_WARN_OBJC_LITERAL_CONVERSION = YES;
				CLANG_WARN_OBJC_ROOT_CLASS = YES_ERROR;
				CLANG_WARN_QUOTED_INCLUDE_IN_FRAMEWORK_HEADER = YES;
				CLANG_WARN_RANGE_LOOP_ANALYSIS = YES;
				CLANG_WARN_STRICT_PROTOTYPES = YES;
				CLANG_WARN_SUSPICIOUS_MOVE = YES;
				CLANG_WARN_UNGUARDED_AVAILABILITY = YES_AGGRESSIVE;
				CLANG_WARN_UNREACHABLE_CODE = YES;
				CLANG_WARN__DUPLICATE_METHOD_MATCH = YES;
				COPY_PHASE_STRIP = NO;
				DEBUG_INFORMATION_FORMAT = dwarf;
				ENABLE_STRICT_OBJC_MSGSEND = YES;
				ENABLE_TESTABILITY = YES;
				GCC_C_LANGUAGE_STANDARD = gnu11;
				GCC_DYNAMIC_NO_PIC = NO;
				GCC_NO_COMMON_BLOCKS = YES;
				GCC_OPTIMIZATION_LEVEL = 0;
				GCC_PREPROCESSOR_DEFINITIONS = (
					"DEBUG=1",
					"$(inherited)",
				);
				GCC_WARN_64_TO_32_BIT_CONVERSION = YES;
				GCC_WARN_ABOUT_RETURN_TYPE = YES_ERROR;
				GCC_WARN_UNDECLARED_SELECTOR = YES;
				GCC_WARN_UNINITIALIZED_AUTOS = YES_AGGRESSIVE;
				GCC_WARN_UNUSED_FUNCTION = YES;
				GCC_WARN_UNUSED_VARIABLE = YES;
				IPHONEOS_DEPLOYMENT_TARGET = 14.5;
				MTL_ENABLE_DEBUG_INFO = INCLUDE_SOURCE;
				MTL_FAST_MATH = YES;
				ONLY_ACTIVE_ARCH = YES;
				SDKROOT = iphoneos;
				SWIFT_ACTIVE_COMPILATION_CONDITIONS = DEBUG;
				SWIFT_OPTIMIZATION_LEVEL = "-Onone";
			};
			name = Debug;
		};
		02D4170226BE6AA700FCB01A /* Release */ = {
			isa = XCBuildConfiguration;
			buildSettings = {
				ALWAYS_SEARCH_USER_PATHS = NO;
				CLANG_ANALYZER_NONNULL = YES;
				CLANG_ANALYZER_NUMBER_OBJECT_CONVERSION = YES_AGGRESSIVE;
				CLANG_CXX_LANGUAGE_STANDARD = "gnu++14";
				CLANG_CXX_LIBRARY = "libc++";
				CLANG_ENABLE_MODULES = YES;
				CLANG_ENABLE_OBJC_ARC = YES;
				CLANG_ENABLE_OBJC_WEAK = YES;
				CLANG_WARN_BLOCK_CAPTURE_AUTORELEASING = YES;
				CLANG_WARN_BOOL_CONVERSION = YES;
				CLANG_WARN_COMMA = YES;
				CLANG_WARN_CONSTANT_CONVERSION = YES;
				CLANG_WARN_DEPRECATED_OBJC_IMPLEMENTATIONS = YES;
				CLANG_WARN_DIRECT_OBJC_ISA_USAGE = YES_ERROR;
				CLANG_WARN_DOCUMENTATION_COMMENTS = YES;
				CLANG_WARN_EMPTY_BODY = YES;
				CLANG_WARN_ENUM_CONVERSION = YES;
				CLANG_WARN_INFINITE_RECURSION = YES;
				CLANG_WARN_INT_CONVERSION = YES;
				CLANG_WARN_NON_LITERAL_NULL_CONVERSION = YES;
				CLANG_WARN_OBJC_IMPLICIT_RETAIN_SELF = YES;
				CLANG_WARN_OBJC_LITERAL_CONVERSION = YES;
				CLANG_WARN_OBJC_ROOT_CLASS = YES_ERROR;
				CLANG_WARN_QUOTED_INCLUDE_IN_FRAMEWORK_HEADER = YES;
				CLANG_WARN_RANGE_LOOP_ANALYSIS = YES;
				CLANG_WARN_STRICT_PROTOTYPES = YES;
				CLANG_WARN_SUSPICIOUS_MOVE = YES;
				CLANG_WARN_UNGUARDED_AVAILABILITY = YES_AGGRESSIVE;
				CLANG_WARN_UNREACHABLE_CODE = YES;
				CLANG_WARN__DUPLICATE_METHOD_MATCH = YES;
				COPY_PHASE_STRIP = NO;
				DEBUG_INFORMATION_FORMAT = "dwarf-with-dsym";
				ENABLE_NS_ASSERTIONS = NO;
				ENABLE_STRICT_OBJC_MSGSEND = YES;
				GCC_C_LANGUAGE_STANDARD = gnu11;
				GCC_NO_COMMON_BLOCKS = YES;
				GCC_WARN_64_TO_32_BIT_CONVERSION = YES;
				GCC_WARN_ABOUT_RETURN_TYPE = YES_ERROR;
				GCC_WARN_UNDECLARED_SELECTOR = YES;
				GCC_WARN_UNINITIALIZED_AUTOS = YES_AGGRESSIVE;
				GCC_WARN_UNUSED_FUNCTION = YES;
				GCC_WARN_UNUSED_VARIABLE = YES;
				IPHONEOS_DEPLOYMENT_TARGET = 14.5;
				MTL_ENABLE_DEBUG_INFO = NO;
				MTL_FAST_MATH = YES;
				SDKROOT = iphoneos;
				SWIFT_COMPILATION_MODE = wholemodule;
				SWIFT_OPTIMIZATION_LEVEL = "-O";
				VALIDATE_PRODUCT = YES;
			};
			name = Release;
		};
		02D4170426BE6AA700FCB01A /* Debug */ = {
			isa = XCBuildConfiguration;
			buildSettings = {
				ASSETCATALOG_COMPILER_APPICON_NAME = AppIcon;
				ASSETCATALOG_COMPILER_GLOBAL_ACCENT_COLOR_NAME = AccentColor;
				CODE_SIGN_STYLE = Automatic;
				DEVELOPMENT_TEAM = CKB979D52M;
				INFOPLIST_FILE = GitHubUserAPI/Info.plist;
				LD_RUNPATH_SEARCH_PATHS = (
					"$(inherited)",
					"@executable_path/Frameworks",
				);
				PRODUCT_BUNDLE_IDENTIFIER = com.chunyikuo.GitHubUserAPI;
				PRODUCT_NAME = "$(TARGET_NAME)";
				SWIFT_VERSION = 5.0;
				TARGETED_DEVICE_FAMILY = "1,2";
			};
			name = Debug;
		};
		02D4170526BE6AA700FCB01A /* Release */ = {
			isa = XCBuildConfiguration;
			buildSettings = {
				ASSETCATALOG_COMPILER_APPICON_NAME = AppIcon;
				ASSETCATALOG_COMPILER_GLOBAL_ACCENT_COLOR_NAME = AccentColor;
				CODE_SIGN_STYLE = Automatic;
				DEVELOPMENT_TEAM = CKB979D52M;
				INFOPLIST_FILE = GitHubUserAPI/Info.plist;
				LD_RUNPATH_SEARCH_PATHS = (
					"$(inherited)",
					"@executable_path/Frameworks",
				);
				PRODUCT_BUNDLE_IDENTIFIER = com.chunyikuo.GitHubUserAPI;
				PRODUCT_NAME = "$(TARGET_NAME)";
				SWIFT_VERSION = 5.0;
				TARGETED_DEVICE_FAMILY = "1,2";
			};
			name = Release;
		};
/* End XCBuildConfiguration section */

/* Begin XCConfigurationList section */
		02D416EA26BE6AA400FCB01A /* Build configuration list for PBXProject "GitHubUserAPI" */ = {
			isa = XCConfigurationList;
			buildConfigurations = (
				02D4170126BE6AA700FCB01A /* Debug */,
				02D4170226BE6AA700FCB01A /* Release */,
			);
			defaultConfigurationIsVisible = 0;
			defaultConfigurationName = Release;
		};
		02D4170326BE6AA700FCB01A /* Build configuration list for PBXNativeTarget "GitHubUserAPI" */ = {
			isa = XCConfigurationList;
			buildConfigurations = (
				02D4170426BE6AA700FCB01A /* Debug */,
				02D4170526BE6AA700FCB01A /* Release */,
			);
			defaultConfigurationIsVisible = 0;
			defaultConfigurationName = Release;
		};
/* End XCConfigurationList section */
	};
	rootObject = 02D416E726BE6AA400FCB01A /* Project object */;
}
